
Microsoft Visual Studio Solution File, Format Version 12.00
# Visual Studio 15
VisualStudioVersion = 15.0.27004.2005
MinimumVisualStudioVersion = 10.0.40219.1
Project("{2150E333-8FDC-42A3-9474-1A3956D46DE8}") = "Libraries", "Libraries", "{71A20CC8-A563-4D74-9283-85F11CD33A51}"
EndProject
Project("{2150E333-8FDC-42A3-9474-1A3956D46DE8}") = "Web", "Web", "{630EF4B4-E0A5-4ADC-9288-3D63D82711FD}"
EndProject
Project("{2150E333-8FDC-42A3-9474-1A3956D46DE8}") = "Data", "Data", "{3551C915-B9A1-44C8-B3D2-53361A3B5ACB}"
EndProject
Project("{2150E333-8FDC-42A3-9474-1A3956D46DE8}") = "Services", "Services", "{F1C77E24-6CD0-4758-8D43-E851D892B333}"
EndProject
Project("{FAE04EC0-301F-11D3-BF4B-00C04F79EFBC}") = "XI.Portal.Data.Core", "XI.Portal.Data.Core\XI.Portal.Data.Core.csproj", "{A667B4A5-35C2-4953-AB21-07DE8FF07CE5}"
EndProject
Project("{FAE04EC0-301F-11D3-BF4B-00C04F79EFBC}") = "XI.Portal.Data.Deploy", "XI.Portal.Data.Deploy\XI.Portal.Data.Deploy.csproj", "{7CF09043-72E0-477E-AF13-5353CD17A828}"
EndProject
Project("{FAE04EC0-301F-11D3-BF4B-00C04F79EFBC}") = "XI.Portal.Library.Auth", "XI.Portal.Library.Auth\XI.Portal.Library.Auth.csproj", "{B529783F-E92C-413A-9503-8BCE3E96634E}"
EndProject
Project("{FAE04EC0-301F-11D3-BF4B-00C04F79EFBC}") = "XI.Portal.Library.CommonTypes", "XI.Portal.Library.CommonTypes\XI.Portal.Library.CommonTypes.csproj", "{46BE6073-D271-49ED-A1E4-E1566B9EEAC8}"
EndProject
Project("{FAE04EC0-301F-11D3-BF4B-00C04F79EFBC}") = "XI.Portal.Library.DemoManager", "XI.Portal.Library.DemoManager\XI.Portal.Library.DemoManager.csproj", "{92948EB3-E964-4106-9C9F-D1651786BC26}"
EndProject
Project("{FAE04EC0-301F-11D3-BF4B-00C04F79EFBC}") = "XI.Portal.Library.Email", "XI.Portal.Library.Email\XI.Portal.Library.Email.csproj", "{EC80C075-4D68-47CF-83FC-2692E119557E}"
EndProject
Project("{FAE04EC0-301F-11D3-BF4B-00C04F79EFBC}") = "XI.Portal.Library.Forums", "XI.Portal.Library.Forums\XI.Portal.Library.Forums.csproj", "{A8E12BC0-F530-4CCD-862B-73267C71D07D}"
EndProject
Project("{FAE04EC0-301F-11D3-BF4B-00C04F79EFBC}") = "XI.Portal.Library.GameTracker", "XI.Portal.Library.GameTracker\XI.Portal.Library.GameTracker.csproj", "{C680CEEC-F2A8-45E8-A7A4-846D97742937}"
EndProject
Project("{FAE04EC0-301F-11D3-BF4B-00C04F79EFBC}") = "XI.Portal.Library.GeoLocation", "XI.Portal.Library.GeoLocation\XI.Portal.Library.GeoLocation.csproj", "{F13A754A-6BAC-4E7E-AE23-0D513F64BA69}"
EndProject
Project("{FAE04EC0-301F-11D3-BF4B-00C04F79EFBC}") = "XI.Portal.Library.Logging", "XI.Portal.Library.Logging\XI.Portal.Library.Logging.csproj", "{38C09894-2C92-4517-9332-35415375E62A}"
EndProject
Project("{FAE04EC0-301F-11D3-BF4B-00C04F79EFBC}") = "XI.Portal.Library.MapRedirect", "XI.Portal.Library.MapRedirect\XI.Portal.Library.MapRedirect.csproj", "{1BB932A2-734B-495F-87D6-133D22C1E110}"
EndProject
Project("{FAE04EC0-301F-11D3-BF4B-00C04F79EFBC}") = "XI.Portal.Library.Rcon", "XI.Portal.Library.Rcon\XI.Portal.Library.Rcon.csproj", "{4DF50DC6-1FDE-4D75-B557-42EABCF4728C}"
EndProject
Project("{FAE04EC0-301F-11D3-BF4B-00C04F79EFBC}") = "XI.Portal.Library.ServerInfo", "XI.Portal.Library.ServerInfo\XI.Portal.Library.ServerInfo.csproj", "{1FBA5092-30DD-4EAE-B9A1-C25168C90B5D}"
EndProject
Project("{FAE04EC0-301F-11D3-BF4B-00C04F79EFBC}") = "XI.Portal.Library.Sms", "XI.Portal.Library.Sms\XI.Portal.Library.Sms.csproj", "{03910CAC-CB9C-4CC9-8792-11D1550D629E}"
EndProject
Project("{FAE04EC0-301F-11D3-BF4B-00C04F79EFBC}") = "XI.Portal.Services.FileMonitor", "XI.Portal.Services.FileMonitor\XI.Portal.Services.FileMonitor.csproj", "{1C7A90A4-E3B0-4798-ADF8-FABC47F1A3FA}"
EndProject
Project("{FAE04EC0-301F-11D3-BF4B-00C04F79EFBC}") = "XI.Portal.Services.RconMonitor", "XI.Portal.Services.RconMonitor\XI.Portal.Services.RconMonitor.csproj", "{AF2E68CF-F64F-4F51-82F9-6FF47A9AD0BB}"
EndProject
Project("{FAE04EC0-301F-11D3-BF4B-00C04F79EFBC}") = "XI.Portal.Services.ServerMonitor", "XI.Portal.Services.ServerMonitor\XI.Portal.Services.ServerMonitor.csproj", "{E0449D93-FC7E-433C-9AF8-CC82E299F5DB}"
EndProject
Project("{FAE04EC0-301F-11D3-BF4B-00C04F79EFBC}") = "XI.Portal.Services.SyncService", "XI.Portal.Services.SyncService\XI.Portal.Services.SyncService.csproj", "{B8C56B1E-D9B5-4AA4-8F2F-CAC189025DF9}"
EndProject
Project("{FAE04EC0-301F-11D3-BF4B-00C04F79EFBC}") = "XI.Portal.Web.Portal", "XI.Portal.Web.Portal\XI.Portal.Web.Portal.csproj", "{86CADB26-5817-46B6-88C7-76D5753722C3}"
EndProject
Global
	GlobalSection(SolutionConfigurationPlatforms) = preSolution
		Debug|Any CPU = Debug|Any CPU
		DevCI|Any CPU = DevCI|Any CPU
		Release|Any CPU = Release|Any CPU
	EndGlobalSection
	GlobalSection(ProjectConfigurationPlatforms) = postSolution
		{A667B4A5-35C2-4953-AB21-07DE8FF07CE5}.Debug|Any CPU.ActiveCfg = Debug|Any CPU
		{A667B4A5-35C2-4953-AB21-07DE8FF07CE5}.Debug|Any CPU.Build.0 = Debug|Any CPU
		{A667B4A5-35C2-4953-AB21-07DE8FF07CE5}.DevCI|Any CPU.ActiveCfg = Debug|Any CPU
		{A667B4A5-35C2-4953-AB21-07DE8FF07CE5}.DevCI|Any CPU.Build.0 = Debug|Any CPU
		{A667B4A5-35C2-4953-AB21-07DE8FF07CE5}.Release|Any CPU.ActiveCfg = Release|Any CPU
		{A667B4A5-35C2-4953-AB21-07DE8FF07CE5}.Release|Any CPU.Build.0 = Release|Any CPU
		{7CF09043-72E0-477E-AF13-5353CD17A828}.Debug|Any CPU.ActiveCfg = Debug|Any CPU
		{7CF09043-72E0-477E-AF13-5353CD17A828}.Debug|Any CPU.Build.0 = Debug|Any CPU
		{7CF09043-72E0-477E-AF13-5353CD17A828}.DevCI|Any CPU.ActiveCfg = Debug|Any CPU
		{7CF09043-72E0-477E-AF13-5353CD17A828}.DevCI|Any CPU.Build.0 = Debug|Any CPU
		{7CF09043-72E0-477E-AF13-5353CD17A828}.Release|Any CPU.ActiveCfg = Release|Any CPU
		{7CF09043-72E0-477E-AF13-5353CD17A828}.Release|Any CPU.Build.0 = Release|Any CPU
		{B529783F-E92C-413A-9503-8BCE3E96634E}.Debug|Any CPU.ActiveCfg = Debug|Any CPU
		{B529783F-E92C-413A-9503-8BCE3E96634E}.Debug|Any CPU.Build.0 = Debug|Any CPU
		{B529783F-E92C-413A-9503-8BCE3E96634E}.DevCI|Any CPU.ActiveCfg = Debug|Any CPU
		{B529783F-E92C-413A-9503-8BCE3E96634E}.DevCI|Any CPU.Build.0 = Debug|Any CPU
		{B529783F-E92C-413A-9503-8BCE3E96634E}.Release|Any CPU.ActiveCfg = Release|Any CPU
		{B529783F-E92C-413A-9503-8BCE3E96634E}.Release|Any CPU.Build.0 = Release|Any CPU
		{46BE6073-D271-49ED-A1E4-E1566B9EEAC8}.Debug|Any CPU.ActiveCfg = Debug|Any CPU
		{46BE6073-D271-49ED-A1E4-E1566B9EEAC8}.Debug|Any CPU.Build.0 = Debug|Any CPU
		{46BE6073-D271-49ED-A1E4-E1566B9EEAC8}.DevCI|Any CPU.ActiveCfg = Debug|Any CPU
		{46BE6073-D271-49ED-A1E4-E1566B9EEAC8}.DevCI|Any CPU.Build.0 = Debug|Any CPU
		{46BE6073-D271-49ED-A1E4-E1566B9EEAC8}.Release|Any CPU.ActiveCfg = Release|Any CPU
		{46BE6073-D271-49ED-A1E4-E1566B9EEAC8}.Release|Any CPU.Build.0 = Release|Any CPU
		{92948EB3-E964-4106-9C9F-D1651786BC26}.Debug|Any CPU.ActiveCfg = Debug|Any CPU
		{92948EB3-E964-4106-9C9F-D1651786BC26}.Debug|Any CPU.Build.0 = Debug|Any CPU
		{92948EB3-E964-4106-9C9F-D1651786BC26}.DevCI|Any CPU.ActiveCfg = Debug|Any CPU
		{92948EB3-E964-4106-9C9F-D1651786BC26}.DevCI|Any CPU.Build.0 = Debug|Any CPU
		{92948EB3-E964-4106-9C9F-D1651786BC26}.Release|Any CPU.ActiveCfg = Release|Any CPU
		{92948EB3-E964-4106-9C9F-D1651786BC26}.Release|Any CPU.Build.0 = Release|Any CPU
		{EC80C075-4D68-47CF-83FC-2692E119557E}.Debug|Any CPU.ActiveCfg = Debug|Any CPU
		{EC80C075-4D68-47CF-83FC-2692E119557E}.Debug|Any CPU.Build.0 = Debug|Any CPU
		{EC80C075-4D68-47CF-83FC-2692E119557E}.DevCI|Any CPU.ActiveCfg = Debug|Any CPU
		{EC80C075-4D68-47CF-83FC-2692E119557E}.DevCI|Any CPU.Build.0 = Debug|Any CPU
		{EC80C075-4D68-47CF-83FC-2692E119557E}.Release|Any CPU.ActiveCfg = Release|Any CPU
		{EC80C075-4D68-47CF-83FC-2692E119557E}.Release|Any CPU.Build.0 = Release|Any CPU
		{A8E12BC0-F530-4CCD-862B-73267C71D07D}.Debug|Any CPU.ActiveCfg = Debug|Any CPU
		{A8E12BC0-F530-4CCD-862B-73267C71D07D}.Debug|Any CPU.Build.0 = Debug|Any CPU
		{A8E12BC0-F530-4CCD-862B-73267C71D07D}.DevCI|Any CPU.ActiveCfg = Debug|Any CPU
		{A8E12BC0-F530-4CCD-862B-73267C71D07D}.DevCI|Any CPU.Build.0 = Debug|Any CPU
		{A8E12BC0-F530-4CCD-862B-73267C71D07D}.Release|Any CPU.ActiveCfg = Release|Any CPU
		{A8E12BC0-F530-4CCD-862B-73267C71D07D}.Release|Any CPU.Build.0 = Release|Any CPU
		{C680CEEC-F2A8-45E8-A7A4-846D97742937}.Debug|Any CPU.ActiveCfg = Debug|Any CPU
		{C680CEEC-F2A8-45E8-A7A4-846D97742937}.Debug|Any CPU.Build.0 = Debug|Any CPU
		{C680CEEC-F2A8-45E8-A7A4-846D97742937}.DevCI|Any CPU.ActiveCfg = Debug|Any CPU
		{C680CEEC-F2A8-45E8-A7A4-846D97742937}.DevCI|Any CPU.Build.0 = Debug|Any CPU
		{C680CEEC-F2A8-45E8-A7A4-846D97742937}.Release|Any CPU.ActiveCfg = Release|Any CPU
		{C680CEEC-F2A8-45E8-A7A4-846D97742937}.Release|Any CPU.Build.0 = Release|Any CPU
		{F13A754A-6BAC-4E7E-AE23-0D513F64BA69}.Debug|Any CPU.ActiveCfg = Debug|Any CPU
		{F13A754A-6BAC-4E7E-AE23-0D513F64BA69}.Debug|Any CPU.Build.0 = Debug|Any CPU
		{F13A754A-6BAC-4E7E-AE23-0D513F64BA69}.DevCI|Any CPU.ActiveCfg = Debug|Any CPU
		{F13A754A-6BAC-4E7E-AE23-0D513F64BA69}.DevCI|Any CPU.Build.0 = Debug|Any CPU
		{F13A754A-6BAC-4E7E-AE23-0D513F64BA69}.Release|Any CPU.ActiveCfg = Release|Any CPU
		{F13A754A-6BAC-4E7E-AE23-0D513F64BA69}.Release|Any CPU.Build.0 = Release|Any CPU
		{38C09894-2C92-4517-9332-35415375E62A}.Debug|Any CPU.ActiveCfg = Debug|Any CPU
		{38C09894-2C92-4517-9332-35415375E62A}.Debug|Any CPU.Build.0 = Debug|Any CPU
		{38C09894-2C92-4517-9332-35415375E62A}.DevCI|Any CPU.ActiveCfg = Debug|Any CPU
		{38C09894-2C92-4517-9332-35415375E62A}.DevCI|Any CPU.Build.0 = Debug|Any CPU
		{38C09894-2C92-4517-9332-35415375E62A}.Release|Any CPU.ActiveCfg = Release|Any CPU
		{38C09894-2C92-4517-9332-35415375E62A}.Release|Any CPU.Build.0 = Release|Any CPU
		{1BB932A2-734B-495F-87D6-133D22C1E110}.Debug|Any CPU.ActiveCfg = Debug|Any CPU
		{1BB932A2-734B-495F-87D6-133D22C1E110}.Debug|Any CPU.Build.0 = Debug|Any CPU
		{1BB932A2-734B-495F-87D6-133D22C1E110}.DevCI|Any CPU.ActiveCfg = Debug|Any CPU
		{1BB932A2-734B-495F-87D6-133D22C1E110}.DevCI|Any CPU.Build.0 = Debug|Any CPU
		{1BB932A2-734B-495F-87D6-133D22C1E110}.Release|Any CPU.ActiveCfg = Release|Any CPU
		{1BB932A2-734B-495F-87D6-133D22C1E110}.Release|Any CPU.Build.0 = Release|Any CPU
		{4DF50DC6-1FDE-4D75-B557-42EABCF4728C}.Debug|Any CPU.ActiveCfg = Debug|Any CPU
		{4DF50DC6-1FDE-4D75-B557-42EABCF4728C}.Debug|Any CPU.Build.0 = Debug|Any CPU
		{4DF50DC6-1FDE-4D75-B557-42EABCF4728C}.DevCI|Any CPU.ActiveCfg = Debug|Any CPU
		{4DF50DC6-1FDE-4D75-B557-42EABCF4728C}.DevCI|Any CPU.Build.0 = Debug|Any CPU
		{4DF50DC6-1FDE-4D75-B557-42EABCF4728C}.Release|Any CPU.ActiveCfg = Release|Any CPU
		{4DF50DC6-1FDE-4D75-B557-42EABCF4728C}.Release|Any CPU.Build.0 = Release|Any CPU
		{1FBA5092-30DD-4EAE-B9A1-C25168C90B5D}.Debug|Any CPU.ActiveCfg = Debug|Any CPU
		{1FBA5092-30DD-4EAE-B9A1-C25168C90B5D}.Debug|Any CPU.Build.0 = Debug|Any CPU
		{1FBA5092-30DD-4EAE-B9A1-C25168C90B5D}.DevCI|Any CPU.ActiveCfg = Debug|Any CPU
		{1FBA5092-30DD-4EAE-B9A1-C25168C90B5D}.DevCI|Any CPU.Build.0 = Debug|Any CPU
		{1FBA5092-30DD-4EAE-B9A1-C25168C90B5D}.Release|Any CPU.ActiveCfg = Release|Any CPU
		{1FBA5092-30DD-4EAE-B9A1-C25168C90B5D}.Release|Any CPU.Build.0 = Release|Any CPU
		{03910CAC-CB9C-4CC9-8792-11D1550D629E}.Debug|Any CPU.ActiveCfg = Debug|Any CPU
		{03910CAC-CB9C-4CC9-8792-11D1550D629E}.Debug|Any CPU.Build.0 = Debug|Any CPU
		{03910CAC-CB9C-4CC9-8792-11D1550D629E}.DevCI|Any CPU.ActiveCfg = Debug|Any CPU
		{03910CAC-CB9C-4CC9-8792-11D1550D629E}.DevCI|Any CPU.Build.0 = Debug|Any CPU
		{03910CAC-CB9C-4CC9-8792-11D1550D629E}.Release|Any CPU.ActiveCfg = Release|Any CPU
		{03910CAC-CB9C-4CC9-8792-11D1550D629E}.Release|Any CPU.Build.0 = Release|Any CPU
		{1C7A90A4-E3B0-4798-ADF8-FABC47F1A3FA}.Debug|Any CPU.ActiveCfg = Debug|Any CPU
		{1C7A90A4-E3B0-4798-ADF8-FABC47F1A3FA}.Debug|Any CPU.Build.0 = Debug|Any CPU
		{1C7A90A4-E3B0-4798-ADF8-FABC47F1A3FA}.DevCI|Any CPU.ActiveCfg = Debug|Any CPU
		{1C7A90A4-E3B0-4798-ADF8-FABC47F1A3FA}.DevCI|Any CPU.Build.0 = Debug|Any CPU
		{1C7A90A4-E3B0-4798-ADF8-FABC47F1A3FA}.Release|Any CPU.ActiveCfg = Release|Any CPU
		{1C7A90A4-E3B0-4798-ADF8-FABC47F1A3FA}.Release|Any CPU.Build.0 = Release|Any CPU
		{AF2E68CF-F64F-4F51-82F9-6FF47A9AD0BB}.Debug|Any CPU.ActiveCfg = Debug|Any CPU
		{AF2E68CF-F64F-4F51-82F9-6FF47A9AD0BB}.Debug|Any CPU.Build.0 = Debug|Any CPU
		{AF2E68CF-F64F-4F51-82F9-6FF47A9AD0BB}.DevCI|Any CPU.ActiveCfg = Debug|Any CPU
		{AF2E68CF-F64F-4F51-82F9-6FF47A9AD0BB}.DevCI|Any CPU.Build.0 = Debug|Any CPU
		{AF2E68CF-F64F-4F51-82F9-6FF47A9AD0BB}.Release|Any CPU.ActiveCfg = Release|Any CPU
		{AF2E68CF-F64F-4F51-82F9-6FF47A9AD0BB}.Release|Any CPU.Build.0 = Release|Any CPU
		{E0449D93-FC7E-433C-9AF8-CC82E299F5DB}.Debug|Any CPU.ActiveCfg = Debug|Any CPU
		{E0449D93-FC7E-433C-9AF8-CC82E299F5DB}.Debug|Any CPU.Build.0 = Debug|Any CPU
		{E0449D93-FC7E-433C-9AF8-CC82E299F5DB}.DevCI|Any CPU.ActiveCfg = Debug|Any CPU
		{E0449D93-FC7E-433C-9AF8-CC82E299F5DB}.DevCI|Any CPU.Build.0 = Debug|Any CPU
		{E0449D93-FC7E-433C-9AF8-CC82E299F5DB}.Release|Any CPU.ActiveCfg = Release|Any CPU
		{E0449D93-FC7E-433C-9AF8-CC82E299F5DB}.Release|Any CPU.Build.0 = Release|Any CPU
		{B8C56B1E-D9B5-4AA4-8F2F-CAC189025DF9}.Debug|Any CPU.ActiveCfg = Debug|Any CPU
		{B8C56B1E-D9B5-4AA4-8F2F-CAC189025DF9}.Debug|Any CPU.Build.0 = Debug|Any CPU
		{B8C56B1E-D9B5-4AA4-8F2F-CAC189025DF9}.DevCI|Any CPU.ActiveCfg = Debug|Any CPU
		{B8C56B1E-D9B5-4AA4-8F2F-CAC189025DF9}.DevCI|Any CPU.Build.0 = Debug|Any CPU
		{B8C56B1E-D9B5-4AA4-8F2F-CAC189025DF9}.Release|Any CPU.ActiveCfg = Release|Any CPU
		{B8C56B1E-D9B5-4AA4-8F2F-CAC189025DF9}.Release|Any CPU.Build.0 = Release|Any CPU
		{86CADB26-5817-46B6-88C7-76D5753722C3}.Debug|Any CPU.ActiveCfg = Debug|Any CPU
		{86CADB26-5817-46B6-88C7-76D5753722C3}.Debug|Any CPU.Build.0 = Debug|Any CPU
		{86CADB26-5817-46B6-88C7-76D5753722C3}.DevCI|Any CPU.ActiveCfg = Debug|Any CPU
		{86CADB26-5817-46B6-88C7-76D5753722C3}.DevCI|Any CPU.Build.0 = Debug|Any CPU
		{86CADB26-5817-46B6-88C7-76D5753722C3}.Release|Any CPU.ActiveCfg = Release|Any CPU
		{86CADB26-5817-46B6-88C7-76D5753722C3}.Release|Any CPU.Build.0 = Release|Any CPU
	EndGlobalSection
	GlobalSection(SolutionProperties) = preSolution
		HideSolutionNode = FALSE
	EndGlobalSection
	GlobalSection(NestedProjects) = preSolution
		{A667B4A5-35C2-4953-AB21-07DE8FF07CE5} = {3551C915-B9A1-44C8-B3D2-53361A3B5ACB}
		{7CF09043-72E0-477E-AF13-5353CD17A828} = {3551C915-B9A1-44C8-B3D2-53361A3B5ACB}
		{B529783F-E92C-413A-9503-8BCE3E96634E} = {71A20CC8-A563-4D74-9283-85F11CD33A51}
		{46BE6073-D271-49ED-A1E4-E1566B9EEAC8} = {71A20CC8-A563-4D74-9283-85F11CD33A51}
		{92948EB3-E964-4106-9C9F-D1651786BC26} = {71A20CC8-A563-4D74-9283-85F11CD33A51}
		{EC80C075-4D68-47CF-83FC-2692E119557E} = {71A20CC8-A563-4D74-9283-85F11CD33A51}
		{A8E12BC0-F530-4CCD-862B-73267C71D07D} = {71A20CC8-A563-4D74-9283-85F11CD33A51}
		{C680CEEC-F2A8-45E8-A7A4-846D97742937} = {71A20CC8-A563-4D74-9283-85F11CD33A51}
		{F13A754A-6BAC-4E7E-AE23-0D513F64BA69} = {71A20CC8-A563-4D74-9283-85F11CD33A51}
		{38C09894-2C92-4517-9332-35415375E62A} = {71A20CC8-A563-4D74-9283-85F11CD33A51}
		{1BB932A2-734B-495F-87D6-133D22C1E110} = {71A20CC8-A563-4D74-9283-85F11CD33A51}
		{4DF50DC6-1FDE-4D75-B557-42EABCF4728C} = {71A20CC8-A563-4D74-9283-85F11CD33A51}
		{1FBA5092-30DD-4EAE-B9A1-C25168C90B5D} = {71A20CC8-A563-4D74-9283-85F11CD33A51}
		{03910CAC-CB9C-4CC9-8792-11D1550D629E} = {71A20CC8-A563-4D74-9283-85F11CD33A51}
		{1C7A90A4-E3B0-4798-ADF8-FABC47F1A3FA} = {F1C77E24-6CD0-4758-8D43-E851D892B333}
		{AF2E68CF-F64F-4F51-82F9-6FF47A9AD0BB} = {F1C77E24-6CD0-4758-8D43-E851D892B333}
		{E0449D93-FC7E-433C-9AF8-CC82E299F5DB} = {F1C77E24-6CD0-4758-8D43-E851D892B333}
		{B8C56B1E-D9B5-4AA4-8F2F-CAC189025DF9} = {F1C77E24-6CD0-4758-8D43-E851D892B333}
		{86CADB26-5817-46B6-88C7-76D5753722C3} = {630EF4B4-E0A5-4ADC-9288-3D63D82711FD}
	EndGlobalSection
	GlobalSection(ExtensibilityGlobals) = postSolution
		SolutionGuid = {6422965F-E244-42EA-9792-F2ECA17F513E}
	EndGlobalSection
EndGlobal
