
Microsoft Visual Studio Solution File, Format Version 12.00
# Visual Studio Version 16
VisualStudioVersion = 16.0.29519.87
MinimumVisualStudioVersion = 10.0.40219.1
Project("{2150E333-8FDC-42A3-9474-1A3956D46DE8}") = "Libraries", "Libraries", "{71A20CC8-A563-4D74-9283-85F11CD33A51}"
EndProject
Project("{2150E333-8FDC-42A3-9474-1A3956D46DE8}") = "Web", "Web", "{630EF4B4-E0A5-4ADC-9288-3D63D82711FD}"
EndProject
Project("{2150E333-8FDC-42A3-9474-1A3956D46DE8}") = "Data", "Data", "{3551C915-B9A1-44C8-B3D2-53361A3B5ACB}"
EndProject
Project("{2150E333-8FDC-42A3-9474-1A3956D46DE8}") = "Services", "Services", "{F1C77E24-6CD0-4758-8D43-E851D892B333}"
EndProject
Project("{FAE04EC0-301F-11D3-BF4B-00C04F79EFBC}") = "XI.Portal.Data.Core", "XI.Portal.Data.Core\XI.Portal.Data.Core.csproj", "{A667B4A5-35C2-4953-AB21-07DE8FF07CE5}"
EndProject
Project("{FAE04EC0-301F-11D3-BF4B-00C04F79EFBC}") = "XI.Portal.Library.Auth", "XI.Portal.Library.Auth\XI.Portal.Library.Auth.csproj", "{B529783F-E92C-413A-9503-8BCE3E96634E}"
EndProject
Project("{FAE04EC0-301F-11D3-BF4B-00C04F79EFBC}") = "XI.Portal.Library.CommonTypes", "XI.Portal.Library.CommonTypes\XI.Portal.Library.CommonTypes.csproj", "{46BE6073-D271-49ED-A1E4-E1566B9EEAC8}"
EndProject
Project("{FAE04EC0-301F-11D3-BF4B-00C04F79EFBC}") = "XI.Portal.Library.DemoManager", "XI.Portal.Library.DemoManager\XI.Portal.Library.DemoManager.csproj", "{92948EB3-E964-4106-9C9F-D1651786BC26}"
EndProject
Project("{FAE04EC0-301F-11D3-BF4B-00C04F79EFBC}") = "XI.Portal.Library.Email", "XI.Portal.Library.Email\XI.Portal.Library.Email.csproj", "{EC80C075-4D68-47CF-83FC-2692E119557E}"
EndProject
Project("{FAE04EC0-301F-11D3-BF4B-00C04F79EFBC}") = "XI.Portal.Library.Forums", "XI.Portal.Library.Forums\XI.Portal.Library.Forums.csproj", "{A8E12BC0-F530-4CCD-862B-73267C71D07D}"
EndProject
Project("{FAE04EC0-301F-11D3-BF4B-00C04F79EFBC}") = "XI.Portal.Library.GameTracker", "XI.Portal.Library.GameTracker\XI.Portal.Library.GameTracker.csproj", "{C680CEEC-F2A8-45E8-A7A4-846D97742937}"
EndProject
Project("{FAE04EC0-301F-11D3-BF4B-00C04F79EFBC}") = "XI.Portal.Library.GeoLocation", "XI.Portal.Library.GeoLocation\XI.Portal.Library.GeoLocation.csproj", "{F13A754A-6BAC-4E7E-AE23-0D513F64BA69}"
EndProject
Project("{FAE04EC0-301F-11D3-BF4B-00C04F79EFBC}") = "XI.Portal.Library.Logging", "XI.Portal.Library.Logging\XI.Portal.Library.Logging.csproj", "{38C09894-2C92-4517-9332-35415375E62A}"
EndProject
Project("{FAE04EC0-301F-11D3-BF4B-00C04F79EFBC}") = "XI.Portal.Library.MapRedirect", "XI.Portal.Library.MapRedirect\XI.Portal.Library.MapRedirect.csproj", "{1BB932A2-734B-495F-87D6-133D22C1E110}"
EndProject
Project("{FAE04EC0-301F-11D3-BF4B-00C04F79EFBC}") = "XI.Portal.Library.Rcon", "XI.Portal.Library.Rcon\XI.Portal.Library.Rcon.csproj", "{4DF50DC6-1FDE-4D75-B557-42EABCF4728C}"
EndProject
Project("{FAE04EC0-301F-11D3-BF4B-00C04F79EFBC}") = "XI.Portal.Library.ServerInfo", "XI.Portal.Library.ServerInfo\XI.Portal.Library.ServerInfo.csproj", "{1FBA5092-30DD-4EAE-B9A1-C25168C90B5D}"
EndProject
Project("{FAE04EC0-301F-11D3-BF4B-00C04F79EFBC}") = "XI.Portal.Library.Sms", "XI.Portal.Library.Sms\XI.Portal.Library.Sms.csproj", "{03910CAC-CB9C-4CC9-8792-11D1550D629E}"
EndProject
Project("{FAE04EC0-301F-11D3-BF4B-00C04F79EFBC}") = "XI.Portal.Services.ServerMonitor", "XI.Portal.Services.ServerMonitor\XI.Portal.Services.ServerMonitor.csproj", "{E0449D93-FC7E-433C-9AF8-CC82E299F5DB}"
EndProject
Project("{FAE04EC0-301F-11D3-BF4B-00C04F79EFBC}") = "XI.Portal.Services.SyncService", "XI.Portal.Services.SyncService\XI.Portal.Services.SyncService.csproj", "{B8C56B1E-D9B5-4AA4-8F2F-CAC189025DF9}"
EndProject
Project("{FAE04EC0-301F-11D3-BF4B-00C04F79EFBC}") = "XI.Portal.Web", "XI.Portal.Web\XI.Portal.Web.csproj", "{86CADB26-5817-46B6-88C7-76D5753722C3}"
EndProject
Project("{2150E333-8FDC-42A3-9474-1A3956D46DE8}") = "Plugins", "Plugins", "{BADE5AB6-F169-4DF9-AE5C-D5100DF69548}"
EndProject
Project("{FAE04EC0-301F-11D3-BF4B-00C04F79EFBC}") = "XI.Portal.Plugins.ChatMonitorPlugin", "XI.Portal.Plugins.ChatMonitorPlugin\XI.Portal.Plugins.ChatMonitorPlugin.csproj", "{00C7B73E-5F47-424E-B0EF-0FA2C35EF0B0}"
EndProject
Project("{FAE04EC0-301F-11D3-BF4B-00C04F79EFBC}") = "XI.Portal.Plugins.FuckYouPlugin", "XI.Portal.Plugins.FuckYouPlugin\XI.Portal.Plugins.FuckYouPlugin.csproj", "{1521CC3B-FA83-48BB-93C0-745191940B6F}"
EndProject
Project("{FAE04EC0-301F-11D3-BF4B-00C04F79EFBC}") = "XI.Portal.Plugins.PlayerInfoPlugin", "XI.Portal.Plugins.PlayerInfoPlugin\XI.Portal.Plugins.PlayerInfoPlugin.csproj", "{6B933FE5-82BC-48E1-8170-EB865A24FBD0}"
EndProject
Project("{FAE04EC0-301F-11D3-BF4B-00C04F79EFBC}") = "XI.Portal.Plugins.LogProxyPlugin", "XI.Portal.Plugins.LogProxyPlugin\XI.Portal.Plugins.LogProxyPlugin.csproj", "{8CBE3E34-150E-446F-AB8A-7AC7C2CE199B}"
EndProject
Project("{FAE04EC0-301F-11D3-BF4B-00C04F79EFBC}") = "XI.Portal.Plugins", "XI.Portal.Plugins\XI.Portal.Plugins.csproj", "{DECA7C71-871A-43C4-95D1-AF7E825ACFC3}"
EndProject
Project("{FAE04EC0-301F-11D3-BF4B-00C04F79EFBC}") = "XI.Portal.Services.FileMonitorService", "XI.Portal.Services.FileMonitorService\XI.Portal.Services.FileMonitorService.csproj", "{1C7A90A4-E3B0-4798-ADF8-FABC47F1A3FA}"
EndProject
Project("{FAE04EC0-301F-11D3-BF4B-00C04F79EFBC}") = "XI.Portal.Services.RconMonitorService", "XI.Portal.Services.RconMonitorService\XI.Portal.Services.RconMonitorService.csproj", "{AF2E68CF-F64F-4F51-82F9-6FF47A9AD0BB}"
EndProject
Project("{FAE04EC0-301F-11D3-BF4B-00C04F79EFBC}") = "XI.Portal.Plugins.MapRotationPlugin", "XI.Portal.Plugins.MapRotationPlugin\XI.Portal.Plugins.MapRotationPlugin.csproj", "{9E986B37-A07B-4F2F-93B7-561D3ED15CF0}"
EndProject
Project("{2150E333-8FDC-42A3-9474-1A3956D46DE8}") = "Configuration", "Configuration", "{D4129FD5-D140-45BC-B454-8B491431ACB6}"
EndProject
Project("{9A19103F-16F7-4668-BE54-9A1E7A4F7556}") = "XI.Portal.Configuration", "XI.Portal.Configuration\XI.Portal.Configuration.csproj", "{2A4F0282-D9C2-47C9-87BE-3E3A8110693D}"
EndProject
Project("{2150E333-8FDC-42A3-9474-1A3956D46DE8}") = "Repositories", "Repositories", "{73A6FF3E-C5CD-4A69-8F83-23E24CA8B327}"
EndProject
Project("{FAE04EC0-301F-11D3-BF4B-00C04F79EFBC}") = "XI.Portal.Repositories", "XI.Portal.Repositories\XI.Portal.Repositories.csproj", "{F4938DFF-270C-41BD-9B86-F159063DDFF6}"
EndProject
Project("{FAE04EC0-301F-11D3-BF4B-00C04F79EFBC}") = "XI.Portal.BLL", "XI.Portal.BLL\XI.Portal.BLL.csproj", "{73B448CD-DBE9-4993-ADE3-86E6BFD2E653}"
EndProject
Global
	GlobalSection(SolutionConfigurationPlatforms) = preSolution
		Debug|Any CPU = Debug|Any CPU
		DevCI|Any CPU = DevCI|Any CPU
		Release|Any CPU = Release|Any CPU
	EndGlobalSection
	GlobalSection(ProjectConfigurationPlatforms) = postSolution
		{A667B4A5-35C2-4953-AB21-07DE8FF07CE5}.Debug|Any CPU.ActiveCfg = Debug|Any CPU
		{A667B4A5-35C2-4953-AB21-07DE8FF07CE5}.Debug|Any CPU.Build.0 = Debug|Any CPU
		{A667B4A5-35C2-4953-AB21-07DE8FF07CE5}.DevCI|Any CPU.ActiveCfg = Debug|Any CPU
		{A667B4A5-35C2-4953-AB21-07DE8FF07CE5}.DevCI|Any CPU.Build.0 = Debug|Any CPU
		{A667B4A5-35C2-4953-AB21-07DE8FF07CE5}.Release|Any CPU.ActiveCfg = Release|Any CPU
		{A667B4A5-35C2-4953-AB21-07DE8FF07CE5}.Release|Any CPU.Build.0 = Release|Any CPU
		{B529783F-E92C-413A-9503-8BCE3E96634E}.Debug|Any CPU.ActiveCfg = Debug|Any CPU
		{B529783F-E92C-413A-9503-8BCE3E96634E}.Debug|Any CPU.Build.0 = Debug|Any CPU
		{B529783F-E92C-413A-9503-8BCE3E96634E}.DevCI|Any CPU.ActiveCfg = Debug|Any CPU
		{B529783F-E92C-413A-9503-8BCE3E96634E}.DevCI|Any CPU.Build.0 = Debug|Any CPU
		{B529783F-E92C-413A-9503-8BCE3E96634E}.Release|Any CPU.ActiveCfg = Release|Any CPU
		{B529783F-E92C-413A-9503-8BCE3E96634E}.Release|Any CPU.Build.0 = Release|Any CPU
		{46BE6073-D271-49ED-A1E4-E1566B9EEAC8}.Debug|Any CPU.ActiveCfg = Debug|Any CPU
		{46BE6073-D271-49ED-A1E4-E1566B9EEAC8}.Debug|Any CPU.Build.0 = Debug|Any CPU
		{46BE6073-D271-49ED-A1E4-E1566B9EEAC8}.DevCI|Any CPU.ActiveCfg = Debug|Any CPU
		{46BE6073-D271-49ED-A1E4-E1566B9EEAC8}.DevCI|Any CPU.Build.0 = Debug|Any CPU
		{46BE6073-D271-49ED-A1E4-E1566B9EEAC8}.Release|Any CPU.ActiveCfg = Release|Any CPU
		{46BE6073-D271-49ED-A1E4-E1566B9EEAC8}.Release|Any CPU.Build.0 = Release|Any CPU
		{92948EB3-E964-4106-9C9F-D1651786BC26}.Debug|Any CPU.ActiveCfg = Debug|Any CPU
		{92948EB3-E964-4106-9C9F-D1651786BC26}.Debug|Any CPU.Build.0 = Debug|Any CPU
		{92948EB3-E964-4106-9C9F-D1651786BC26}.DevCI|Any CPU.ActiveCfg = Debug|Any CPU
		{92948EB3-E964-4106-9C9F-D1651786BC26}.DevCI|Any CPU.Build.0 = Debug|Any CPU
		{92948EB3-E964-4106-9C9F-D1651786BC26}.Release|Any CPU.ActiveCfg = Release|Any CPU
		{92948EB3-E964-4106-9C9F-D1651786BC26}.Release|Any CPU.Build.0 = Release|Any CPU
		{EC80C075-4D68-47CF-83FC-2692E119557E}.Debug|Any CPU.ActiveCfg = Debug|Any CPU
		{EC80C075-4D68-47CF-83FC-2692E119557E}.Debug|Any CPU.Build.0 = Debug|Any CPU
		{EC80C075-4D68-47CF-83FC-2692E119557E}.DevCI|Any CPU.ActiveCfg = Debug|Any CPU
		{EC80C075-4D68-47CF-83FC-2692E119557E}.DevCI|Any CPU.Build.0 = Debug|Any CPU
		{EC80C075-4D68-47CF-83FC-2692E119557E}.Release|Any CPU.ActiveCfg = Release|Any CPU
		{EC80C075-4D68-47CF-83FC-2692E119557E}.Release|Any CPU.Build.0 = Release|Any CPU
		{A8E12BC0-F530-4CCD-862B-73267C71D07D}.Debug|Any CPU.ActiveCfg = Debug|Any CPU
		{A8E12BC0-F530-4CCD-862B-73267C71D07D}.Debug|Any CPU.Build.0 = Debug|Any CPU
		{A8E12BC0-F530-4CCD-862B-73267C71D07D}.DevCI|Any CPU.ActiveCfg = Debug|Any CPU
		{A8E12BC0-F530-4CCD-862B-73267C71D07D}.DevCI|Any CPU.Build.0 = Debug|Any CPU
		{A8E12BC0-F530-4CCD-862B-73267C71D07D}.Release|Any CPU.ActiveCfg = Release|Any CPU
		{A8E12BC0-F530-4CCD-862B-73267C71D07D}.Release|Any CPU.Build.0 = Release|Any CPU
		{C680CEEC-F2A8-45E8-A7A4-846D97742937}.Debug|Any CPU.ActiveCfg = Debug|Any CPU
		{C680CEEC-F2A8-45E8-A7A4-846D97742937}.Debug|Any CPU.Build.0 = Debug|Any CPU
		{C680CEEC-F2A8-45E8-A7A4-846D97742937}.DevCI|Any CPU.ActiveCfg = Debug|Any CPU
		{C680CEEC-F2A8-45E8-A7A4-846D97742937}.DevCI|Any CPU.Build.0 = Debug|Any CPU
		{C680CEEC-F2A8-45E8-A7A4-846D97742937}.Release|Any CPU.ActiveCfg = Release|Any CPU
		{C680CEEC-F2A8-45E8-A7A4-846D97742937}.Release|Any CPU.Build.0 = Release|Any CPU
		{F13A754A-6BAC-4E7E-AE23-0D513F64BA69}.Debug|Any CPU.ActiveCfg = Debug|Any CPU
		{F13A754A-6BAC-4E7E-AE23-0D513F64BA69}.Debug|Any CPU.Build.0 = Debug|Any CPU
		{F13A754A-6BAC-4E7E-AE23-0D513F64BA69}.DevCI|Any CPU.ActiveCfg = Debug|Any CPU
		{F13A754A-6BAC-4E7E-AE23-0D513F64BA69}.DevCI|Any CPU.Build.0 = Debug|Any CPU
		{F13A754A-6BAC-4E7E-AE23-0D513F64BA69}.Release|Any CPU.ActiveCfg = Release|Any CPU
		{F13A754A-6BAC-4E7E-AE23-0D513F64BA69}.Release|Any CPU.Build.0 = Release|Any CPU
		{38C09894-2C92-4517-9332-35415375E62A}.Debug|Any CPU.ActiveCfg = Debug|Any CPU
		{38C09894-2C92-4517-9332-35415375E62A}.Debug|Any CPU.Build.0 = Debug|Any CPU
		{38C09894-2C92-4517-9332-35415375E62A}.DevCI|Any CPU.ActiveCfg = Debug|Any CPU
		{38C09894-2C92-4517-9332-35415375E62A}.DevCI|Any CPU.Build.0 = Debug|Any CPU
		{38C09894-2C92-4517-9332-35415375E62A}.Release|Any CPU.ActiveCfg = Release|Any CPU
		{38C09894-2C92-4517-9332-35415375E62A}.Release|Any CPU.Build.0 = Release|Any CPU
		{1BB932A2-734B-495F-87D6-133D22C1E110}.Debug|Any CPU.ActiveCfg = Debug|Any CPU
		{1BB932A2-734B-495F-87D6-133D22C1E110}.Debug|Any CPU.Build.0 = Debug|Any CPU
		{1BB932A2-734B-495F-87D6-133D22C1E110}.DevCI|Any CPU.ActiveCfg = Debug|Any CPU
		{1BB932A2-734B-495F-87D6-133D22C1E110}.DevCI|Any CPU.Build.0 = Debug|Any CPU
		{1BB932A2-734B-495F-87D6-133D22C1E110}.Release|Any CPU.ActiveCfg = Release|Any CPU
		{1BB932A2-734B-495F-87D6-133D22C1E110}.Release|Any CPU.Build.0 = Release|Any CPU
		{4DF50DC6-1FDE-4D75-B557-42EABCF4728C}.Debug|Any CPU.ActiveCfg = Debug|Any CPU
		{4DF50DC6-1FDE-4D75-B557-42EABCF4728C}.Debug|Any CPU.Build.0 = Debug|Any CPU
		{4DF50DC6-1FDE-4D75-B557-42EABCF4728C}.DevCI|Any CPU.ActiveCfg = Debug|Any CPU
		{4DF50DC6-1FDE-4D75-B557-42EABCF4728C}.DevCI|Any CPU.Build.0 = Debug|Any CPU
		{4DF50DC6-1FDE-4D75-B557-42EABCF4728C}.Release|Any CPU.ActiveCfg = Release|Any CPU
		{4DF50DC6-1FDE-4D75-B557-42EABCF4728C}.Release|Any CPU.Build.0 = Release|Any CPU
		{1FBA5092-30DD-4EAE-B9A1-C25168C90B5D}.Debug|Any CPU.ActiveCfg = Debug|Any CPU
		{1FBA5092-30DD-4EAE-B9A1-C25168C90B5D}.Debug|Any CPU.Build.0 = Debug|Any CPU
		{1FBA5092-30DD-4EAE-B9A1-C25168C90B5D}.DevCI|Any CPU.ActiveCfg = Debug|Any CPU
		{1FBA5092-30DD-4EAE-B9A1-C25168C90B5D}.DevCI|Any CPU.Build.0 = Debug|Any CPU
		{1FBA5092-30DD-4EAE-B9A1-C25168C90B5D}.Release|Any CPU.ActiveCfg = Release|Any CPU
		{1FBA5092-30DD-4EAE-B9A1-C25168C90B5D}.Release|Any CPU.Build.0 = Release|Any CPU
		{03910CAC-CB9C-4CC9-8792-11D1550D629E}.Debug|Any CPU.ActiveCfg = Debug|Any CPU
		{03910CAC-CB9C-4CC9-8792-11D1550D629E}.Debug|Any CPU.Build.0 = Debug|Any CPU
		{03910CAC-CB9C-4CC9-8792-11D1550D629E}.DevCI|Any CPU.ActiveCfg = Debug|Any CPU
		{03910CAC-CB9C-4CC9-8792-11D1550D629E}.DevCI|Any CPU.Build.0 = Debug|Any CPU
		{03910CAC-CB9C-4CC9-8792-11D1550D629E}.Release|Any CPU.ActiveCfg = Release|Any CPU
		{03910CAC-CB9C-4CC9-8792-11D1550D629E}.Release|Any CPU.Build.0 = Release|Any CPU
		{E0449D93-FC7E-433C-9AF8-CC82E299F5DB}.Debug|Any CPU.ActiveCfg = Debug|Any CPU
		{E0449D93-FC7E-433C-9AF8-CC82E299F5DB}.Debug|Any CPU.Build.0 = Debug|Any CPU
		{E0449D93-FC7E-433C-9AF8-CC82E299F5DB}.DevCI|Any CPU.ActiveCfg = Debug|Any CPU
		{E0449D93-FC7E-433C-9AF8-CC82E299F5DB}.DevCI|Any CPU.Build.0 = Debug|Any CPU
		{E0449D93-FC7E-433C-9AF8-CC82E299F5DB}.Release|Any CPU.ActiveCfg = Release|Any CPU
		{E0449D93-FC7E-433C-9AF8-CC82E299F5DB}.Release|Any CPU.Build.0 = Release|Any CPU
		{B8C56B1E-D9B5-4AA4-8F2F-CAC189025DF9}.Debug|Any CPU.ActiveCfg = Debug|Any CPU
		{B8C56B1E-D9B5-4AA4-8F2F-CAC189025DF9}.Debug|Any CPU.Build.0 = Debug|Any CPU
		{B8C56B1E-D9B5-4AA4-8F2F-CAC189025DF9}.DevCI|Any CPU.ActiveCfg = Debug|Any CPU
		{B8C56B1E-D9B5-4AA4-8F2F-CAC189025DF9}.DevCI|Any CPU.Build.0 = Debug|Any CPU
		{B8C56B1E-D9B5-4AA4-8F2F-CAC189025DF9}.Release|Any CPU.ActiveCfg = Release|Any CPU
		{B8C56B1E-D9B5-4AA4-8F2F-CAC189025DF9}.Release|Any CPU.Build.0 = Release|Any CPU
		{86CADB26-5817-46B6-88C7-76D5753722C3}.Debug|Any CPU.ActiveCfg = Debug|Any CPU
		{86CADB26-5817-46B6-88C7-76D5753722C3}.Debug|Any CPU.Build.0 = Debug|Any CPU
		{86CADB26-5817-46B6-88C7-76D5753722C3}.DevCI|Any CPU.ActiveCfg = Debug|Any CPU
		{86CADB26-5817-46B6-88C7-76D5753722C3}.DevCI|Any CPU.Build.0 = Debug|Any CPU
		{86CADB26-5817-46B6-88C7-76D5753722C3}.Release|Any CPU.ActiveCfg = Release|Any CPU
		{86CADB26-5817-46B6-88C7-76D5753722C3}.Release|Any CPU.Build.0 = Release|Any CPU
		{00C7B73E-5F47-424E-B0EF-0FA2C35EF0B0}.Debug|Any CPU.ActiveCfg = Debug|Any CPU
		{00C7B73E-5F47-424E-B0EF-0FA2C35EF0B0}.Debug|Any CPU.Build.0 = Debug|Any CPU
		{00C7B73E-5F47-424E-B0EF-0FA2C35EF0B0}.DevCI|Any CPU.ActiveCfg = Debug|Any CPU
		{00C7B73E-5F47-424E-B0EF-0FA2C35EF0B0}.DevCI|Any CPU.Build.0 = Debug|Any CPU
		{00C7B73E-5F47-424E-B0EF-0FA2C35EF0B0}.Release|Any CPU.ActiveCfg = Release|Any CPU
		{00C7B73E-5F47-424E-B0EF-0FA2C35EF0B0}.Release|Any CPU.Build.0 = Release|Any CPU
		{1521CC3B-FA83-48BB-93C0-745191940B6F}.Debug|Any CPU.ActiveCfg = Debug|Any CPU
		{1521CC3B-FA83-48BB-93C0-745191940B6F}.Debug|Any CPU.Build.0 = Debug|Any CPU
		{1521CC3B-FA83-48BB-93C0-745191940B6F}.DevCI|Any CPU.ActiveCfg = Debug|Any CPU
		{1521CC3B-FA83-48BB-93C0-745191940B6F}.DevCI|Any CPU.Build.0 = Debug|Any CPU
		{1521CC3B-FA83-48BB-93C0-745191940B6F}.Release|Any CPU.ActiveCfg = Release|Any CPU
		{1521CC3B-FA83-48BB-93C0-745191940B6F}.Release|Any CPU.Build.0 = Release|Any CPU
		{6B933FE5-82BC-48E1-8170-EB865A24FBD0}.Debug|Any CPU.ActiveCfg = Debug|Any CPU
		{6B933FE5-82BC-48E1-8170-EB865A24FBD0}.Debug|Any CPU.Build.0 = Debug|Any CPU
		{6B933FE5-82BC-48E1-8170-EB865A24FBD0}.DevCI|Any CPU.ActiveCfg = Debug|Any CPU
		{6B933FE5-82BC-48E1-8170-EB865A24FBD0}.DevCI|Any CPU.Build.0 = Debug|Any CPU
		{6B933FE5-82BC-48E1-8170-EB865A24FBD0}.Release|Any CPU.ActiveCfg = Release|Any CPU
		{6B933FE5-82BC-48E1-8170-EB865A24FBD0}.Release|Any CPU.Build.0 = Release|Any CPU
		{8CBE3E34-150E-446F-AB8A-7AC7C2CE199B}.Debug|Any CPU.ActiveCfg = Debug|Any CPU
		{8CBE3E34-150E-446F-AB8A-7AC7C2CE199B}.Debug|Any CPU.Build.0 = Debug|Any CPU
		{8CBE3E34-150E-446F-AB8A-7AC7C2CE199B}.DevCI|Any CPU.ActiveCfg = Debug|Any CPU
		{8CBE3E34-150E-446F-AB8A-7AC7C2CE199B}.DevCI|Any CPU.Build.0 = Debug|Any CPU
		{8CBE3E34-150E-446F-AB8A-7AC7C2CE199B}.Release|Any CPU.ActiveCfg = Release|Any CPU
		{8CBE3E34-150E-446F-AB8A-7AC7C2CE199B}.Release|Any CPU.Build.0 = Release|Any CPU
		{DECA7C71-871A-43C4-95D1-AF7E825ACFC3}.Debug|Any CPU.ActiveCfg = Debug|Any CPU
		{DECA7C71-871A-43C4-95D1-AF7E825ACFC3}.Debug|Any CPU.Build.0 = Debug|Any CPU
		{DECA7C71-871A-43C4-95D1-AF7E825ACFC3}.DevCI|Any CPU.ActiveCfg = Debug|Any CPU
		{DECA7C71-871A-43C4-95D1-AF7E825ACFC3}.DevCI|Any CPU.Build.0 = Debug|Any CPU
		{DECA7C71-871A-43C4-95D1-AF7E825ACFC3}.Release|Any CPU.ActiveCfg = Release|Any CPU
		{DECA7C71-871A-43C4-95D1-AF7E825ACFC3}.Release|Any CPU.Build.0 = Release|Any CPU
		{1C7A90A4-E3B0-4798-ADF8-FABC47F1A3FA}.Debug|Any CPU.ActiveCfg = Debug|Any CPU
		{1C7A90A4-E3B0-4798-ADF8-FABC47F1A3FA}.Debug|Any CPU.Build.0 = Debug|Any CPU
		{1C7A90A4-E3B0-4798-ADF8-FABC47F1A3FA}.DevCI|Any CPU.ActiveCfg = Debug|Any CPU
		{1C7A90A4-E3B0-4798-ADF8-FABC47F1A3FA}.DevCI|Any CPU.Build.0 = Debug|Any CPU
		{1C7A90A4-E3B0-4798-ADF8-FABC47F1A3FA}.Release|Any CPU.ActiveCfg = Release|Any CPU
		{1C7A90A4-E3B0-4798-ADF8-FABC47F1A3FA}.Release|Any CPU.Build.0 = Release|Any CPU
		{AF2E68CF-F64F-4F51-82F9-6FF47A9AD0BB}.Debug|Any CPU.ActiveCfg = Debug|Any CPU
		{AF2E68CF-F64F-4F51-82F9-6FF47A9AD0BB}.Debug|Any CPU.Build.0 = Debug|Any CPU
		{AF2E68CF-F64F-4F51-82F9-6FF47A9AD0BB}.DevCI|Any CPU.ActiveCfg = Debug|Any CPU
		{AF2E68CF-F64F-4F51-82F9-6FF47A9AD0BB}.DevCI|Any CPU.Build.0 = Debug|Any CPU
		{AF2E68CF-F64F-4F51-82F9-6FF47A9AD0BB}.Release|Any CPU.ActiveCfg = Release|Any CPU
		{AF2E68CF-F64F-4F51-82F9-6FF47A9AD0BB}.Release|Any CPU.Build.0 = Release|Any CPU
		{9E986B37-A07B-4F2F-93B7-561D3ED15CF0}.Debug|Any CPU.ActiveCfg = Debug|Any CPU
		{9E986B37-A07B-4F2F-93B7-561D3ED15CF0}.Debug|Any CPU.Build.0 = Debug|Any CPU
		{9E986B37-A07B-4F2F-93B7-561D3ED15CF0}.DevCI|Any CPU.ActiveCfg = Debug|Any CPU
		{9E986B37-A07B-4F2F-93B7-561D3ED15CF0}.DevCI|Any CPU.Build.0 = Debug|Any CPU
		{9E986B37-A07B-4F2F-93B7-561D3ED15CF0}.Release|Any CPU.ActiveCfg = Release|Any CPU
		{9E986B37-A07B-4F2F-93B7-561D3ED15CF0}.Release|Any CPU.Build.0 = Release|Any CPU
		{2A4F0282-D9C2-47C9-87BE-3E3A8110693D}.Debug|Any CPU.ActiveCfg = Debug|Any CPU
		{2A4F0282-D9C2-47C9-87BE-3E3A8110693D}.Debug|Any CPU.Build.0 = Debug|Any CPU
		{2A4F0282-D9C2-47C9-87BE-3E3A8110693D}.DevCI|Any CPU.ActiveCfg = Debug|Any CPU
		{2A4F0282-D9C2-47C9-87BE-3E3A8110693D}.DevCI|Any CPU.Build.0 = Debug|Any CPU
		{2A4F0282-D9C2-47C9-87BE-3E3A8110693D}.Release|Any CPU.ActiveCfg = Release|Any CPU
		{2A4F0282-D9C2-47C9-87BE-3E3A8110693D}.Release|Any CPU.Build.0 = Release|Any CPU
		{F4938DFF-270C-41BD-9B86-F159063DDFF6}.Debug|Any CPU.ActiveCfg = Debug|Any CPU
		{F4938DFF-270C-41BD-9B86-F159063DDFF6}.Debug|Any CPU.Build.0 = Debug|Any CPU
		{F4938DFF-270C-41BD-9B86-F159063DDFF6}.DevCI|Any CPU.ActiveCfg = Debug|Any CPU
		{F4938DFF-270C-41BD-9B86-F159063DDFF6}.DevCI|Any CPU.Build.0 = Debug|Any CPU
		{F4938DFF-270C-41BD-9B86-F159063DDFF6}.Release|Any CPU.ActiveCfg = Release|Any CPU
		{F4938DFF-270C-41BD-9B86-F159063DDFF6}.Release|Any CPU.Build.0 = Release|Any CPU
		{73B448CD-DBE9-4993-ADE3-86E6BFD2E653}.Debug|Any CPU.ActiveCfg = Debug|Any CPU
		{73B448CD-DBE9-4993-ADE3-86E6BFD2E653}.Debug|Any CPU.Build.0 = Debug|Any CPU
		{73B448CD-DBE9-4993-ADE3-86E6BFD2E653}.DevCI|Any CPU.ActiveCfg = Debug|Any CPU
		{73B448CD-DBE9-4993-ADE3-86E6BFD2E653}.DevCI|Any CPU.Build.0 = Debug|Any CPU
		{73B448CD-DBE9-4993-ADE3-86E6BFD2E653}.Release|Any CPU.ActiveCfg = Release|Any CPU
		{73B448CD-DBE9-4993-ADE3-86E6BFD2E653}.Release|Any CPU.Build.0 = Release|Any CPU
	EndGlobalSection
	GlobalSection(SolutionProperties) = preSolution
		HideSolutionNode = FALSE
	EndGlobalSection
	GlobalSection(NestedProjects) = preSolution
		{A667B4A5-35C2-4953-AB21-07DE8FF07CE5} = {3551C915-B9A1-44C8-B3D2-53361A3B5ACB}
		{B529783F-E92C-413A-9503-8BCE3E96634E} = {71A20CC8-A563-4D74-9283-85F11CD33A51}
		{46BE6073-D271-49ED-A1E4-E1566B9EEAC8} = {71A20CC8-A563-4D74-9283-85F11CD33A51}
		{92948EB3-E964-4106-9C9F-D1651786BC26} = {71A20CC8-A563-4D74-9283-85F11CD33A51}
		{EC80C075-4D68-47CF-83FC-2692E119557E} = {71A20CC8-A563-4D74-9283-85F11CD33A51}
		{A8E12BC0-F530-4CCD-862B-73267C71D07D} = {71A20CC8-A563-4D74-9283-85F11CD33A51}
		{C680CEEC-F2A8-45E8-A7A4-846D97742937} = {71A20CC8-A563-4D74-9283-85F11CD33A51}
		{F13A754A-6BAC-4E7E-AE23-0D513F64BA69} = {71A20CC8-A563-4D74-9283-85F11CD33A51}
		{38C09894-2C92-4517-9332-35415375E62A} = {71A20CC8-A563-4D74-9283-85F11CD33A51}
		{1BB932A2-734B-495F-87D6-133D22C1E110} = {71A20CC8-A563-4D74-9283-85F11CD33A51}
		{4DF50DC6-1FDE-4D75-B557-42EABCF4728C} = {71A20CC8-A563-4D74-9283-85F11CD33A51}
		{1FBA5092-30DD-4EAE-B9A1-C25168C90B5D} = {71A20CC8-A563-4D74-9283-85F11CD33A51}
		{03910CAC-CB9C-4CC9-8792-11D1550D629E} = {71A20CC8-A563-4D74-9283-85F11CD33A51}
		{E0449D93-FC7E-433C-9AF8-CC82E299F5DB} = {F1C77E24-6CD0-4758-8D43-E851D892B333}
		{B8C56B1E-D9B5-4AA4-8F2F-CAC189025DF9} = {F1C77E24-6CD0-4758-8D43-E851D892B333}
		{86CADB26-5817-46B6-88C7-76D5753722C3} = {630EF4B4-E0A5-4ADC-9288-3D63D82711FD}
		{00C7B73E-5F47-424E-B0EF-0FA2C35EF0B0} = {BADE5AB6-F169-4DF9-AE5C-D5100DF69548}
		{1521CC3B-FA83-48BB-93C0-745191940B6F} = {BADE5AB6-F169-4DF9-AE5C-D5100DF69548}
		{6B933FE5-82BC-48E1-8170-EB865A24FBD0} = {BADE5AB6-F169-4DF9-AE5C-D5100DF69548}
		{8CBE3E34-150E-446F-AB8A-7AC7C2CE199B} = {BADE5AB6-F169-4DF9-AE5C-D5100DF69548}
		{DECA7C71-871A-43C4-95D1-AF7E825ACFC3} = {BADE5AB6-F169-4DF9-AE5C-D5100DF69548}
		{1C7A90A4-E3B0-4798-ADF8-FABC47F1A3FA} = {F1C77E24-6CD0-4758-8D43-E851D892B333}
		{AF2E68CF-F64F-4F51-82F9-6FF47A9AD0BB} = {F1C77E24-6CD0-4758-8D43-E851D892B333}
		{9E986B37-A07B-4F2F-93B7-561D3ED15CF0} = {BADE5AB6-F169-4DF9-AE5C-D5100DF69548}
		{2A4F0282-D9C2-47C9-87BE-3E3A8110693D} = {D4129FD5-D140-45BC-B454-8B491431ACB6}
		{F4938DFF-270C-41BD-9B86-F159063DDFF6} = {73A6FF3E-C5CD-4A69-8F83-23E24CA8B327}
		{73B448CD-DBE9-4993-ADE3-86E6BFD2E653} = {73A6FF3E-C5CD-4A69-8F83-23E24CA8B327}
	EndGlobalSection
	GlobalSection(ExtensibilityGlobals) = postSolution
		SolutionGuid = {6422965F-E244-42EA-9792-F2ECA17F513E}
	EndGlobalSection
EndGlobal
